// !$*UTF8*$!
{
	archiveVersion = 1;
	classes = {
	};
	objectVersion = 56;
	objects = {

/* Begin PBXBuildFile section */
		B53FFB492C0DE8D70046D243 /* ios_professionalApp.swift in Sources */ = {isa = PBXBuildFile; fileRef = B53FFB482C0DE8D70046D243 /* ios_professionalApp.swift */; };
		B53FFB4B2C0DE8D70046D243 /* ContentView.swift in Sources */ = {isa = PBXBuildFile; fileRef = B53FFB4A2C0DE8D70046D243 /* ContentView.swift */; };
		B53FFB4D2C0DE8D90046D243 /* Assets.xcassets in Resources */ = {isa = PBXBuildFile; fileRef = B53FFB4C2C0DE8D90046D243 /* Assets.xcassets */; };
		B53FFB502C0DE8D90046D243 /* Preview Assets.xcassets in Resources */ = {isa = PBXBuildFile; fileRef = B53FFB4F2C0DE8D90046D243 /* Preview Assets.xcassets */; };
		B5569A4F2C26F2FE00AB022A /* NetworkAPI in Frameworks */ = {isa = PBXBuildFile; productRef = B5569A4E2C26F2FE00AB022A /* NetworkAPI */; };
		B5FB28A82C28B42600419214 /* NewsCategory+Identifiable.swift in Sources */ = {isa = PBXBuildFile; fileRef = B5FB28A72C28B42600419214 /* NewsCategory+Identifiable.swift */; };
		B5FB28AA2C28B46100419214 /* Article_Identifiable.swift in Sources */ = {isa = PBXBuildFile; fileRef = B5FB28A92C28B46100419214 /* Article_Identifiable.swift */; };
		B5FB28AF2C29A57000419214 /* NewsViewModel.swift in Sources */ = {isa = PBXBuildFile; fileRef = B5FB28AE2C29A57000419214 /* NewsViewModel.swift */; };
		B5FB28B12C29A5ED00419214 /* ArticleCell.swift in Sources */ = {isa = PBXBuildFile; fileRef = B5FB28B02C29A5ED00419214 /* ArticleCell.swift */; };
/* End PBXBuildFile section */

/* Begin PBXFileReference section */
		B53FFB452C0DE8D70046D243 /* ios-professional.app */ = {isa = PBXFileReference; explicitFileType = wrapper.application; includeInIndex = 0; path = "ios-professional.app"; sourceTree = BUILT_PRODUCTS_DIR; };
		B53FFB482C0DE8D70046D243 /* ios_professionalApp.swift */ = {isa = PBXFileReference; lastKnownFileType = sourcecode.swift; path = ios_professionalApp.swift; sourceTree = "<group>"; };
		B53FFB4A2C0DE8D70046D243 /* ContentView.swift */ = {isa = PBXFileReference; lastKnownFileType = sourcecode.swift; path = ContentView.swift; sourceTree = "<group>"; };
		B53FFB4C2C0DE8D90046D243 /* Assets.xcassets */ = {isa = PBXFileReference; lastKnownFileType = folder.assetcatalog; path = Assets.xcassets; sourceTree = "<group>"; };
		B53FFB4F2C0DE8D90046D243 /* Preview Assets.xcassets */ = {isa = PBXFileReference; lastKnownFileType = folder.assetcatalog; path = "Preview Assets.xcassets"; sourceTree = "<group>"; };
		B5569A4C2C26F2E500AB022A /* NetworkAPI */ = {isa = PBXFileReference; lastKnownFileType = wrapper; name = NetworkAPI; path = Modules/NetworkAPI; sourceTree = SOURCE_ROOT; };
		B5569A502C26F34600AB022A /* generateAPI.sh */ = {isa = PBXFileReference; lastKnownFileType = text.script.sh; path = generateAPI.sh; sourceTree = "<group>"; };
		B5FB28A72C28B42600419214 /* NewsCategory+Identifiable.swift */ = {isa = PBXFileReference; lastKnownFileType = sourcecode.swift; path = "NewsCategory+Identifiable.swift"; sourceTree = "<group>"; };
		B5FB28A92C28B46100419214 /* Article_Identifiable.swift */ = {isa = PBXFileReference; lastKnownFileType = sourcecode.swift; path = Article_Identifiable.swift; sourceTree = "<group>"; };
		B5FB28AE2C29A57000419214 /* NewsViewModel.swift */ = {isa = PBXFileReference; lastKnownFileType = sourcecode.swift; path = NewsViewModel.swift; sourceTree = "<group>"; };
		B5FB28B02C29A5ED00419214 /* ArticleCell.swift */ = {isa = PBXFileReference; lastKnownFileType = sourcecode.swift; path = ArticleCell.swift; sourceTree = "<group>"; };
/* End PBXFileReference section */

/* Begin PBXFrameworksBuildPhase section */
		B53FFB422C0DE8D70046D243 /* Frameworks */ = {
			isa = PBXFrameworksBuildPhase;
			buildActionMask = 2147483647;
			files = (
				B5569A4F2C26F2FE00AB022A /* NetworkAPI in Frameworks */,
			);
			runOnlyForDeploymentPostprocessing = 0;
		};
/* End PBXFrameworksBuildPhase section */

/* Begin PBXGroup section */
		B53FFB3C2C0DE8D70046D243 = {
			isa = PBXGroup;
			children = (
				B5569A502C26F34600AB022A /* generateAPI.sh */,
				B53FFB472C0DE8D70046D243 /* ios-professional */,
				B53FFB462C0DE8D70046D243 /* Products */,
				B5569A4D2C26F2FE00AB022A /* Frameworks */,
			);
			sourceTree = "<group>";
		};
		B53FFB462C0DE8D70046D243 /* Products */ = {
			isa = PBXGroup;
			children = (
				B53FFB452C0DE8D70046D243 /* ios-professional.app */,
			);
			name = Products;
			sourceTree = "<group>";
		};
		B53FFB472C0DE8D70046D243 /* ios-professional */ = {
			isa = PBXGroup;
			children = (
				B53FFB482C0DE8D70046D243 /* ios_professionalApp.swift */,
				B5569A4C2C26F2E500AB022A /* NetworkAPI */,
				B5FB28A62C28B40700419214 /* Extensions */,
				B5FB28AD2C29A54000419214 /* ViewModel */,
				B5FB28A52C28B3E700419214 /* View */,
				B53FFB4C2C0DE8D90046D243 /* Assets.xcassets */,
				B53FFB4E2C0DE8D90046D243 /* Preview Content */,
			);
			path = "ios-professional";
			sourceTree = "<group>";
		};
		B53FFB4E2C0DE8D90046D243 /* Preview Content */ = {
			isa = PBXGroup;
			children = (
				B53FFB4F2C0DE8D90046D243 /* Preview Assets.xcassets */,
			);
			path = "Preview Content";
			sourceTree = "<group>";
		};
		B5569A4D2C26F2FE00AB022A /* Frameworks */ = {
			isa = PBXGroup;
			children = (
			);
			name = Frameworks;
			sourceTree = "<group>";
		};
		B5FB28A52C28B3E700419214 /* View */ = {
			isa = PBXGroup;
			children = (
				B53FFB4A2C0DE8D70046D243 /* ContentView.swift */,
				B5FB28B02C29A5ED00419214 /* ArticleCell.swift */,
			);
			path = View;
			sourceTree = "<group>";
		};
		B5FB28A62C28B40700419214 /* Extensions */ = {
			isa = PBXGroup;
			children = (
				B5FB28A72C28B42600419214 /* NewsCategory+Identifiable.swift */,
				B5FB28A92C28B46100419214 /* Article_Identifiable.swift */,
			);
			path = Extensions;
			sourceTree = "<group>";
		};
		B5FB28AD2C29A54000419214 /* ViewModel */ = {
			isa = PBXGroup;
			children = (
				B5FB28AE2C29A57000419214 /* NewsViewModel.swift */,
			);
			path = ViewModel;
			sourceTree = "<group>";
		};
/* End PBXGroup section */

/* Begin PBXNativeTarget section */
		B53FFB442C0DE8D70046D243 /* ios-professional */ = {
			isa = PBXNativeTarget;
			buildConfigurationList = B53FFB532C0DE8D90046D243 /* Build configuration list for PBXNativeTarget "ios-professional" */;
			buildPhases = (
				B53FFB412C0DE8D70046D243 /* Sources */,
				B53FFB422C0DE8D70046D243 /* Frameworks */,
				B53FFB432C0DE8D70046D243 /* Resources */,
			);
			buildRules = (
			);
			dependencies = (
			);
			name = "ios-professional";
			packageProductDependencies = (
				B5569A4E2C26F2FE00AB022A /* NetworkAPI */,
			);
			productName = "ios-professional";
			productReference = B53FFB452C0DE8D70046D243 /* ios-professional.app */;
			productType = "com.apple.product-type.application";
		};
/* End PBXNativeTarget section */

/* Begin PBXProject section */
		B53FFB3D2C0DE8D70046D243 /* Project object */ = {
			isa = PBXProject;
			attributes = {
				BuildIndependentTargetsInParallel = 1;
				LastSwiftUpdateCheck = 1530;
				LastUpgradeCheck = 1530;
				TargetAttributes = {
					B53FFB442C0DE8D70046D243 = {
						CreatedOnToolsVersion = 15.3;
					};
				};
			};
			buildConfigurationList = B53FFB402C0DE8D70046D243 /* Build configuration list for PBXProject "ios-professional" */;
			compatibilityVersion = "Xcode 14.0";
			developmentRegion = en;
			hasScannedForEncodings = 0;
			knownRegions = (
				en,
				Base,
			);
			mainGroup = B53FFB3C2C0DE8D70046D243;
			productRefGroup = B53FFB462C0DE8D70046D243 /* Products */;
			projectDirPath = "";
			projectRoot = "";
			targets = (
				B53FFB442C0DE8D70046D243 /* ios-professional */,
			);
		};
/* End PBXProject section */

/* Begin PBXResourcesBuildPhase section */
		B53FFB432C0DE8D70046D243 /* Resources */ = {
			isa = PBXResourcesBuildPhase;
			buildActionMask = 2147483647;
			files = (
				B53FFB502C0DE8D90046D243 /* Preview Assets.xcassets in Resources */,
				B53FFB4D2C0DE8D90046D243 /* Assets.xcassets in Resources */,
			);
			runOnlyForDeploymentPostprocessing = 0;
		};
/* End PBXResourcesBuildPhase section */

/* Begin PBXSourcesBuildPhase section */
		B53FFB412C0DE8D70046D243 /* Sources */ = {
			isa = PBXSourcesBuildPhase;
			buildActionMask = 2147483647;
			files = (
				B5FB28AA2C28B46100419214 /* Article_Identifiable.swift in Sources */,
				B53FFB4B2C0DE8D70046D243 /* ContentView.swift in Sources */,
				B5FB28B12C29A5ED00419214 /* ArticleCell.swift in Sources */,
				B5FB28AF2C29A57000419214 /* NewsViewModel.swift in Sources */,
				B53FFB492C0DE8D70046D243 /* ios_professionalApp.swift in Sources */,
				B5FB28A82C28B42600419214 /* NewsCategory+Identifiable.swift in Sources */,
			);
			runOnlyForDeploymentPostprocessing = 0;
		};
/* End PBXSourcesBuildPhase section */

/* Begin XCBuildConfiguration section */
		B53FFB512C0DE8D90046D243 /* Debug */ = {
			isa = XCBuildConfiguration;
			buildSettings = {
				ALWAYS_SEARCH_USER_PATHS = NO;
				ASSETCATALOG_COMPILER_GENERATE_SWIFT_ASSET_SYMBOL_EXTENSIONS = YES;
				CLANG_ANALYZER_NONNULL = YES;
				CLANG_ANALYZER_NUMBER_OBJECT_CONVERSION = YES_AGGRESSIVE;
				CLANG_CXX_LANGUAGE_STANDARD = "gnu++20";
				CLANG_ENABLE_MODULES = YES;
				CLANG_ENABLE_OBJC_ARC = YES;
				CLANG_ENABLE_OBJC_WEAK = YES;
				CLANG_WARN_BLOCK_CAPTURE_AUTORELEASING = YES;
				CLANG_WARN_BOOL_CONVERSION = YES;
				CLANG_WARN_COMMA = YES;
				CLANG_WARN_CONSTANT_CONVERSION = YES;
				CLANG_WARN_DEPRECATED_OBJC_IMPLEMENTATIONS = YES;
				CLANG_WARN_DIRECT_OBJC_ISA_USAGE = YES_ERROR;
				CLANG_WARN_DOCUMENTATION_COMMENTS = YES;
				CLANG_WARN_EMPTY_BODY = YES;
				CLANG_WARN_ENUM_CONVERSION = YES;
				CLANG_WARN_INFINITE_RECURSION = YES;
				CLANG_WARN_INT_CONVERSION = YES;
				CLANG_WARN_NON_LITERAL_NULL_CONVERSION = YES;
				CLANG_WARN_OBJC_IMPLICIT_RETAIN_SELF = YES;
				CLANG_WARN_OBJC_LITERAL_CONVERSION = YES;
				CLANG_WARN_OBJC_ROOT_CLASS = YES_ERROR;
				CLANG_WARN_QUOTED_INCLUDE_IN_FRAMEWORK_HEADER = YES;
				CLANG_WARN_RANGE_LOOP_ANALYSIS = YES;
				CLANG_WARN_STRICT_PROTOTYPES = YES;
				CLANG_WARN_SUSPICIOUS_MOVE = YES;
				CLANG_WARN_UNGUARDED_AVAILABILITY = YES_AGGRESSIVE;
				CLANG_WARN_UNREACHABLE_CODE = YES;
				CLANG_WARN__DUPLICATE_METHOD_MATCH = YES;
				COPY_PHASE_STRIP = NO;
				DEBUG_INFORMATION_FORMAT = dwarf;
				ENABLE_STRICT_OBJC_MSGSEND = YES;
				ENABLE_TESTABILITY = YES;
				ENABLE_USER_SCRIPT_SANDBOXING = YES;
				GCC_C_LANGUAGE_STANDARD = gnu17;
				GCC_DYNAMIC_NO_PIC = NO;
				GCC_NO_COMMON_BLOCKS = YES;
				GCC_OPTIMIZATION_LEVEL = 0;
				GCC_PREPROCESSOR_DEFINITIONS = (
					"DEBUG=1",
					"$(inherited)",
				);
				GCC_WARN_64_TO_32_BIT_CONVERSION = YES;
				GCC_WARN_ABOUT_RETURN_TYPE = YES_ERROR;
				GCC_WARN_UNDECLARED_SELECTOR = YES;
				GCC_WARN_UNINITIALIZED_AUTOS = YES_AGGRESSIVE;
				GCC_WARN_UNUSED_FUNCTION = YES;
				GCC_WARN_UNUSED_VARIABLE = YES;
				IPHONEOS_DEPLOYMENT_TARGET = 17.4;
				LOCALIZATION_PREFERS_STRING_CATALOGS = YES;
				MTL_ENABLE_DEBUG_INFO = INCLUDE_SOURCE;
				MTL_FAST_MATH = YES;
				ONLY_ACTIVE_ARCH = YES;
				SDKROOT = iphoneos;
				SWIFT_ACTIVE_COMPILATION_CONDITIONS = "DEBUG $(inherited)";
				SWIFT_OPTIMIZATION_LEVEL = "-Onone";
			};
			name = Debug;
		};
		B53FFB522C0DE8D90046D243 /* Release */ = {
			isa = XCBuildConfiguration;
			buildSettings = {
				ALWAYS_SEARCH_USER_PATHS = NO;
				ASSETCATALOG_COMPILER_GENERATE_SWIFT_ASSET_SYMBOL_EXTENSIONS = YES;
				CLANG_ANALYZER_NONNULL = YES;
				CLANG_ANALYZER_NUMBER_OBJECT_CONVERSION = YES_AGGRESSIVE;
				CLANG_CXX_LANGUAGE_STANDARD = "gnu++20";
				CLANG_ENABLE_MODULES = YES;
				CLANG_ENABLE_OBJC_ARC = YES;
				CLANG_ENABLE_OBJC_WEAK = YES;
				CLANG_WARN_BLOCK_CAPTURE_AUTORELEASING = YES;
				CLANG_WARN_BOOL_CONVERSION = YES;
				CLANG_WARN_COMMA = YES;
				CLANG_WARN_CONSTANT_CONVERSION = YES;
				CLANG_WARN_DEPRECATED_OBJC_IMPLEMENTATIONS = YES;
				CLANG_WARN_DIRECT_OBJC_ISA_USAGE = YES_ERROR;
				CLANG_WARN_DOCUMENTATION_COMMENTS = YES;
				CLANG_WARN_EMPTY_BODY = YES;
				CLANG_WARN_ENUM_CONVERSION = YES;
				CLANG_WARN_INFINITE_RECURSION = YES;
				CLANG_WARN_INT_CONVERSION = YES;
				CLANG_WARN_NON_LITERAL_NULL_CONVERSION = YES;
				CLANG_WARN_OBJC_IMPLICIT_RETAIN_SELF = YES;
				CLANG_WARN_OBJC_LITERAL_CONVERSION = YES;
				CLANG_WARN_OBJC_ROOT_CLASS = YES_ERROR;
				CLANG_WARN_QUOTED_INCLUDE_IN_FRAMEWORK_HEADER = YES;
				CLANG_WARN_RANGE_LOOP_ANALYSIS = YES;
				CLANG_WARN_STRICT_PROTOTYPES = YES;
				CLANG_WARN_SUSPICIOUS_MOVE = YES;
				CLANG_WARN_UNGUARDED_AVAILABILITY = YES_AGGRESSIVE;
				CLANG_WARN_UNREACHABLE_CODE = YES;
				CLANG_WARN__DUPLICATE_METHOD_MATCH = YES;
				COPY_PHASE_STRIP = NO;
				DEBUG_INFORMATION_FORMAT = "dwarf-with-dsym";
				ENABLE_NS_ASSERTIONS = NO;
				ENABLE_STRICT_OBJC_MSGSEND = YES;
				ENABLE_USER_SCRIPT_SANDBOXING = YES;
				GCC_C_LANGUAGE_STANDARD = gnu17;
				GCC_NO_COMMON_BLOCKS = YES;
				GCC_WARN_64_TO_32_BIT_CONVERSION = YES;
				GCC_WARN_ABOUT_RETURN_TYPE = YES_ERROR;
				GCC_WARN_UNDECLARED_SELECTOR = YES;
				GCC_WARN_UNINITIALIZED_AUTOS = YES_AGGRESSIVE;
				GCC_WARN_UNUSED_FUNCTION = YES;
				GCC_WARN_UNUSED_VARIABLE = YES;
				IPHONEOS_DEPLOYMENT_TARGET = 17.4;
				LOCALIZATION_PREFERS_STRING_CATALOGS = YES;
				MTL_ENABLE_DEBUG_INFO = NO;
				MTL_FAST_MATH = YES;
				SDKROOT = iphoneos;
				SWIFT_COMPILATION_MODE = wholemodule;
				VALIDATE_PRODUCT = YES;
			};
			name = Release;
		};
		B53FFB542C0DE8D90046D243 /* Debug */ = {
			isa = XCBuildConfiguration;
			buildSettings = {
				ASSETCATALOG_COMPILER_APPICON_NAME = AppIcon;
				ASSETCATALOG_COMPILER_GLOBAL_ACCENT_COLOR_NAME = AccentColor;
				CODE_SIGN_STYLE = Automatic;
				CURRENT_PROJECT_VERSION = 1;
				DEVELOPMENT_ASSET_PATHS = "\"ios-professional/Preview Content\"";
				DEVELOPMENT_TEAM = JUW34A979S;
				ENABLE_PREVIEWS = YES;
				GENERATE_INFOPLIST_FILE = YES;
				INFOPLIST_KEY_UIApplicationSceneManifest_Generation = YES;
				INFOPLIST_KEY_UIApplicationSupportsIndirectInputEvents = YES;
				INFOPLIST_KEY_UILaunchScreen_Generation = YES;
				INFOPLIST_KEY_UISupportedInterfaceOrientations_iPad = "UIInterfaceOrientationPortrait UIInterfaceOrientationPortraitUpsideDown UIInterfaceOrientationLandscapeLeft UIInterfaceOrientationLandscapeRight";
				INFOPLIST_KEY_UISupportedInterfaceOrientations_iPhone = "UIInterfaceOrientationPortrait UIInterfaceOrientationLandscapeLeft UIInterfaceOrientationLandscapeRight";
				LD_RUNPATH_SEARCH_PATHS = (
					"$(inherited)",
					"@executable_path/Frameworks",
				);
				MARKETING_VERSION = 1.0;
				PRODUCT_BUNDLE_IDENTIFIER = "deluxe.ios-professional";
				PRODUCT_NAME = "$(TARGET_NAME)";
				SWIFT_EMIT_LOC_STRINGS = YES;
				SWIFT_VERSION = 5.0;
				TARGETED_DEVICE_FAMILY = "1,2";
			};
			name = Debug;
		};
		B53FFB552C0DE8D90046D243 /* Release */ = {
			isa = XCBuildConfiguration;
			buildSettings = {
				ASSETCATALOG_COMPILER_APPICON_NAME = AppIcon;
				ASSETCATALOG_COMPILER_GLOBAL_ACCENT_COLOR_NAME = AccentColor;
				CODE_SIGN_STYLE = Automatic;
				CURRENT_PROJECT_VERSION = 1;
				DEVELOPMENT_ASSET_PATHS = "\"ios-professional/Preview Content\"";
				DEVELOPMENT_TEAM = JUW34A979S;
				ENABLE_PREVIEWS = YES;
				GENERATE_INFOPLIST_FILE = YES;
				INFOPLIST_KEY_UIApplicationSceneManifest_Generation = YES;
				INFOPLIST_KEY_UIApplicationSupportsIndirectInputEvents = YES;
				INFOPLIST_KEY_UILaunchScreen_Generation = YES;
				INFOPLIST_KEY_UISupportedInterfaceOrientations_iPad = "UIInterfaceOrientationPortrait UIInterfaceOrientationPortraitUpsideDown UIInterfaceOrientationLandscapeLeft UIInterfaceOrientationLandscapeRight";
				INFOPLIST_KEY_UISupportedInterfaceOrientations_iPhone = "UIInterfaceOrientationPortrait UIInterfaceOrientationLandscapeLeft UIInterfaceOrientationLandscapeRight";
				LD_RUNPATH_SEARCH_PATHS = (
					"$(inherited)",
					"@executable_path/Frameworks",
				);
				MARKETING_VERSION = 1.0;
				PRODUCT_BUNDLE_IDENTIFIER = "deluxe.ios-professional";
				PRODUCT_NAME = "$(TARGET_NAME)";
				SWIFT_EMIT_LOC_STRINGS = YES;
				SWIFT_VERSION = 5.0;
				TARGETED_DEVICE_FAMILY = "1,2";
			};
			name = Release;
		};
/* End XCBuildConfiguration section */

/* Begin XCConfigurationList section */
		B53FFB402C0DE8D70046D243 /* Build configuration list for PBXProject "ios-professional" */ = {
			isa = XCConfigurationList;
			buildConfigurations = (
				B53FFB512C0DE8D90046D243 /* Debug */,
				B53FFB522C0DE8D90046D243 /* Release */,
			);
			defaultConfigurationIsVisible = 0;
			defaultConfigurationName = Release;
		};
		B53FFB532C0DE8D90046D243 /* Build configuration list for PBXNativeTarget "ios-professional" */ = {
			isa = XCConfigurationList;
			buildConfigurations = (
				B53FFB542C0DE8D90046D243 /* Debug */,
				B53FFB552C0DE8D90046D243 /* Release */,
			);
			defaultConfigurationIsVisible = 0;
			defaultConfigurationName = Release;
		};
/* End XCConfigurationList section */

/* Begin XCSwiftPackageProductDependency section */
		B5569A4E2C26F2FE00AB022A /* NetworkAPI */ = {
			isa = XCSwiftPackageProductDependency;
			productName = NetworkAPI;
		};
/* End XCSwiftPackageProductDependency section */
	};
	rootObject = B53FFB3D2C0DE8D70046D243 /* Project object */;
}
